
Microsoft Visual Studio Solution File, Format Version 12.00
# Visual Studio 2013
VisualStudioVersion = 12.0.30723.0
MinimumVisualStudioVersion = 10.0.40219.1
Project("{FAE04EC0-301F-11D3-BF4B-00C04F79EFBC}") = "Shaw Tab", "Shaw Tab\Shaw Tab.csproj", "{8ADAAD80-46D5-441D-926E-259DDB5FB1BE}"
EndProject
Project("{FAE04EC0-301F-11D3-BF4B-00C04F79EFBC}") = "Quizzer", "Quizzer\Quizzer.csproj", "{9865552A-70D8-43F3-B09C-D9B1DA43C054}"
EndProject
Global
	GlobalSection(SolutionConfigurationPlatforms) = preSolution
		Debug|Any CPU = Debug|Any CPU
		Release|Any CPU = Release|Any CPU
	EndGlobalSection
	GlobalSection(ProjectConfigurationPlatforms) = postSolution
		{8ADAAD80-46D5-441D-926E-259DDB5FB1BE}.Debug|Any CPU.ActiveCfg = Debug|Any CPU
		{8ADAAD80-46D5-441D-926E-259DDB5FB1BE}.Debug|Any CPU.Build.0 = Debug|Any CPU
		{8ADAAD80-46D5-441D-926E-259DDB5FB1BE}.Release|Any CPU.ActiveCfg = Release|Any CPU
		{8ADAAD80-46D5-441D-926E-259DDB5FB1BE}.Release|Any CPU.Build.0 = Release|Any CPU
		{9865552A-70D8-43F3-B09C-D9B1DA43C054}.Debug|Any CPU.ActiveCfg = Debug|Any CPU
		{9865552A-70D8-43F3-B09C-D9B1DA43C054}.Debug|Any CPU.Build.0 = Debug|Any CPU
		{9865552A-70D8-43F3-B09C-D9B1DA43C054}.Release|Any CPU.ActiveCfg = Release|Any CPU
		{9865552A-70D8-43F3-B09C-D9B1DA43C054}.Release|Any CPU.Build.0 = Release|Any CPU
	EndGlobalSection
	GlobalSection(SolutionProperties) = preSolution
		HideSolutionNode = FALSE
	EndGlobalSection
	GlobalSection(Performance) = preSolution
		HasPerformanceSessions = true
	EndGlobalSection
EndGlobal
